
Microsoft Visual Studio Solution File, Format Version 12.00
# Visual Studio Version 16
VisualStudioVersion = 16.0.33529.622
MinimumVisualStudioVersion = 10.0.40219.1
Project("{FAE04EC0-301F-11D3-BF4B-00C04F79EFBC}") = "LoginPrueba", "LoginPrueba.csproj", "{D9D30E0F-3A17-454F-88C0-D1A25789E821}"
EndProject
Project("{FAE04EC0-301F-11D3-BF4B-00C04F79EFBC}") = "BLL", "..\BLL\BLL.csproj", "{B428B630-642D-4029-AD99-3D7D8E0AC376}"
EndProject
Project("{FAE04EC0-301F-11D3-BF4B-00C04F79EFBC}") = "DAL", "..\DAL\DAL.csproj", "{CC5D55D0-E722-441D-834B-B2B92EB1A4A6}"
EndProject
Global
	GlobalSection(SolutionConfigurationPlatforms) = preSolution
		Debug|Any CPU = Debug|Any CPU
		Release|Any CPU = Release|Any CPU
	EndGlobalSection
	GlobalSection(ProjectConfigurationPlatforms) = postSolution
		{D9D30E0F-3A17-454F-88C0-D1A25789E821}.Debug|Any CPU.ActiveCfg = Debug|Any CPU
		{D9D30E0F-3A17-454F-88C0-D1A25789E821}.Debug|Any CPU.Build.0 = Debug|Any CPU
		{D9D30E0F-3A17-454F-88C0-D1A25789E821}.Release|Any CPU.ActiveCfg = Release|Any CPU
		{D9D30E0F-3A17-454F-88C0-D1A25789E821}.Release|Any CPU.Build.0 = Release|Any CPU
		{B428B630-642D-4029-AD99-3D7D8E0AC376}.Debug|Any CPU.ActiveCfg = Debug|Any CPU
		{B428B630-642D-4029-AD99-3D7D8E0AC376}.Debug|Any CPU.Build.0 = Debug|Any CPU
		{B428B630-642D-4029-AD99-3D7D8E0AC376}.Release|Any CPU.ActiveCfg = Release|Any CPU
		{B428B630-642D-4029-AD99-3D7D8E0AC376}.Release|Any CPU.Build.0 = Release|Any CPU
		{CC5D55D0-E722-441D-834B-B2B92EB1A4A6}.Debug|Any CPU.ActiveCfg = Debug|Any CPU
		{CC5D55D0-E722-441D-834B-B2B92EB1A4A6}.Debug|Any CPU.Build.0 = Debug|Any CPU
		{CC5D55D0-E722-441D-834B-B2B92EB1A4A6}.Release|Any CPU.ActiveCfg = Release|Any CPU
		{CC5D55D0-E722-441D-834B-B2B92EB1A4A6}.Release|Any CPU.Build.0 = Release|Any CPU
	EndGlobalSection
	GlobalSection(SolutionProperties) = preSolution
		HideSolutionNode = FALSE
	EndGlobalSection
	GlobalSection(ExtensibilityGlobals) = postSolution
		SolutionGuid = {AC9A8403-4BFC-4CCF-8459-DE7506034E9F}
	EndGlobalSection
EndGlobal
